
Microsoft Visual Studio Solution File, Format Version 12.00
# Visual Studio Version 16
VisualStudioVersion = 16.0.31624.102
MinimumVisualStudioVersion = 10.0.40219.1
Project("{FAE04EC0-301F-11D3-BF4B-00C04F79EFBC}") = "LoginWithAPI", "LoginWithAPI\LoginWithAPI.csproj", "{367343BD-0968-414F-B6F0-6E32084508FF}"
EndProject
Global
	GlobalSection(SolutionConfigurationPlatforms) = preSolution
		Debug|Any CPU = Debug|Any CPU
		Release|Any CPU = Release|Any CPU
	EndGlobalSection
	GlobalSection(ProjectConfigurationPlatforms) = postSolution
		{367343BD-0968-414F-B6F0-6E32084508FF}.Debug|Any CPU.ActiveCfg = Debug|Any CPU
		{367343BD-0968-414F-B6F0-6E32084508FF}.Debug|Any CPU.Build.0 = Debug|Any CPU
		{367343BD-0968-414F-B6F0-6E32084508FF}.Release|Any CPU.ActiveCfg = Release|Any CPU
		{367343BD-0968-414F-B6F0-6E32084508FF}.Release|Any CPU.Build.0 = Release|Any CPU
	EndGlobalSection
	GlobalSection(SolutionProperties) = preSolution
		HideSolutionNode = FALSE
	EndGlobalSection
	GlobalSection(ExtensibilityGlobals) = postSolution
		SolutionGuid = {BAFF62F7-7346-446C-B650-10A79A8E06CA}
	EndGlobalSection
EndGlobal
